
Microsoft Visual Studio Solution File, Format Version 12.00
# Visual Studio 15
VisualStudioVersion = 15.0.26206.0
MinimumVisualStudioVersion = 10.0.40219.1
Project("{2150E333-8FDC-42A3-9474-1A3956D46DE8}") = "Solution Items", "Solution Items", "{EACADB54-1A72-4CEE-AF3A-5AEDC3CB553A}"
	ProjectSection(SolutionItems) = preProject
		..\appveyor.yml = ..\appveyor.yml
		..\README.md = ..\README.md
	EndProjectSection
EndProject
Project("{9A19103F-16F7-4668-BE54-9A1E7A4F7556}") = "NLog.Extensions.AzureEventHub", "NLog.Extensions.AzureEventHub\NLog.Extensions.AzureEventHub.csproj", "{CF5E1262-D006-4C3A-9A62-98C31A3AD5F0}"
EndProject
Project("{9A19103F-16F7-4668-BE54-9A1E7A4F7556}") = "NLog.Extensions.AzureStorageBlob", "NLog.Extensions.AzureStorageBlob\NLog.Extensions.AzureStorageBlob.csproj", "{F3D95485-890D-4A85-864C-A793345AD5F5}"
EndProject
Project("{9A19103F-16F7-4668-BE54-9A1E7A4F7556}") = "NLog.Extensions.AzureStorageTable", "NLog.Extensions.AzureStorageTable\NLog.Extensions.AzureStorageTable.csproj", "{ED3925A5-17BF-4289-B5E5-21D9D82EED76}"
EndProject
Project("{9A19103F-16F7-4668-BE54-9A1E7A4F7556}") = "NLog.Extensions.AzureStorageQueue", "NLog.Extensions.AzureStorageQueue\NLog.Extensions.AzureStorageQueue.csproj", "{18FD9F9E-67F2-4F9C-AEF7-579A357EC701}"
EndProject
Project("{2150E333-8FDC-42A3-9474-1A3956D46DE8}") = "Test", "Test", "{246DBA78-87B8-4982-912F-4BBFFF005AD6}"
EndProject
Project("{9A19103F-16F7-4668-BE54-9A1E7A4F7556}") = "NLog.Extensions.AzureEventHub.Tests", "..\test\NLog.Extensions.AzureEventHub.Tests\NLog.Extensions.AzureEventHub.Tests.csproj", "{EEAF8AEA-27AE-464A-9EAB-EE373FEF3EE2}"
EndProject
Project("{FAE04EC0-301F-11D3-BF4B-00C04F79EFBC}") = "NLog.Extensions.AzureStorage.IntegrationTest", "..\test\NLog.Extensions.AzureStorage.IntegrationTest\NLog.Extensions.AzureStorage.IntegrationTest.csproj", "{BD4E0EB2-99DB-41CB-A46B-DC573A7573CA}"
EndProject
Project("{9A19103F-16F7-4668-BE54-9A1E7A4F7556}") = "NLog.Extensions.AzureStorageBlob.Tests", "..\test\NLog.Extensions.AzureStorageBlob.Tests\NLog.Extensions.AzureStorageBlob.Tests.csproj", "{79D7CD31-DB69-4BB6-876D-F7D060EBDE8F}"
EndProject
Project("{9A19103F-16F7-4668-BE54-9A1E7A4F7556}") = "NLog.Extensions.AzureStorageQueue.Tests", "..\test\NLog.Extensions.AzureStorageQueue.Tests\NLog.Extensions.AzureStorageQueue.Tests.csproj", "{13BAD2C4-243F-4136-8FB3-47EC15D5CB7D}"
EndProject
Project("{9A19103F-16F7-4668-BE54-9A1E7A4F7556}") = "NLog.Extensions.AzureStorageTable.Tests", "..\test\NLog.Extensions.AzureStorageTable.Tests\NLog.Extensions.AzureStorageTable.Tests.csproj", "{31511958-6BC1-4284-A1D3-559736FDC268}"
EndProject
Global
	GlobalSection(SolutionConfigurationPlatforms) = preSolution
		Debug|Any CPU = Debug|Any CPU
		Debug|x64 = Debug|x64
		Debug|x86 = Debug|x86
		Release|Any CPU = Release|Any CPU
		Release|x64 = Release|x64
		Release|x86 = Release|x86
	EndGlobalSection
	GlobalSection(ProjectConfigurationPlatforms) = postSolution
		{CF5E1262-D006-4C3A-9A62-98C31A3AD5F0}.Debug|Any CPU.ActiveCfg = Debug|Any CPU
		{CF5E1262-D006-4C3A-9A62-98C31A3AD5F0}.Debug|Any CPU.Build.0 = Debug|Any CPU
		{CF5E1262-D006-4C3A-9A62-98C31A3AD5F0}.Debug|x64.ActiveCfg = Debug|Any CPU
		{CF5E1262-D006-4C3A-9A62-98C31A3AD5F0}.Debug|x64.Build.0 = Debug|Any CPU
		{CF5E1262-D006-4C3A-9A62-98C31A3AD5F0}.Debug|x86.ActiveCfg = Debug|Any CPU
		{CF5E1262-D006-4C3A-9A62-98C31A3AD5F0}.Debug|x86.Build.0 = Debug|Any CPU
		{CF5E1262-D006-4C3A-9A62-98C31A3AD5F0}.Release|Any CPU.ActiveCfg = Release|Any CPU
		{CF5E1262-D006-4C3A-9A62-98C31A3AD5F0}.Release|Any CPU.Build.0 = Release|Any CPU
		{CF5E1262-D006-4C3A-9A62-98C31A3AD5F0}.Release|x64.ActiveCfg = Release|Any CPU
		{CF5E1262-D006-4C3A-9A62-98C31A3AD5F0}.Release|x64.Build.0 = Release|Any CPU
		{CF5E1262-D006-4C3A-9A62-98C31A3AD5F0}.Release|x86.ActiveCfg = Release|Any CPU
		{CF5E1262-D006-4C3A-9A62-98C31A3AD5F0}.Release|x86.Build.0 = Release|Any CPU
		{F3D95485-890D-4A85-864C-A793345AD5F5}.Debug|Any CPU.ActiveCfg = Debug|Any CPU
		{F3D95485-890D-4A85-864C-A793345AD5F5}.Debug|Any CPU.Build.0 = Debug|Any CPU
		{F3D95485-890D-4A85-864C-A793345AD5F5}.Debug|x64.ActiveCfg = Debug|Any CPU
		{F3D95485-890D-4A85-864C-A793345AD5F5}.Debug|x64.Build.0 = Debug|Any CPU
		{F3D95485-890D-4A85-864C-A793345AD5F5}.Debug|x86.ActiveCfg = Debug|Any CPU
		{F3D95485-890D-4A85-864C-A793345AD5F5}.Debug|x86.Build.0 = Debug|Any CPU
		{F3D95485-890D-4A85-864C-A793345AD5F5}.Release|Any CPU.ActiveCfg = Release|Any CPU
		{F3D95485-890D-4A85-864C-A793345AD5F5}.Release|Any CPU.Build.0 = Release|Any CPU
		{F3D95485-890D-4A85-864C-A793345AD5F5}.Release|x64.ActiveCfg = Release|Any CPU
		{F3D95485-890D-4A85-864C-A793345AD5F5}.Release|x64.Build.0 = Release|Any CPU
		{F3D95485-890D-4A85-864C-A793345AD5F5}.Release|x86.ActiveCfg = Release|Any CPU
		{F3D95485-890D-4A85-864C-A793345AD5F5}.Release|x86.Build.0 = Release|Any CPU
		{ED3925A5-17BF-4289-B5E5-21D9D82EED76}.Debug|Any CPU.ActiveCfg = Debug|Any CPU
		{ED3925A5-17BF-4289-B5E5-21D9D82EED76}.Debug|Any CPU.Build.0 = Debug|Any CPU
		{ED3925A5-17BF-4289-B5E5-21D9D82EED76}.Debug|x64.ActiveCfg = Debug|Any CPU
		{ED3925A5-17BF-4289-B5E5-21D9D82EED76}.Debug|x64.Build.0 = Debug|Any CPU
		{ED3925A5-17BF-4289-B5E5-21D9D82EED76}.Debug|x86.ActiveCfg = Debug|Any CPU
		{ED3925A5-17BF-4289-B5E5-21D9D82EED76}.Debug|x86.Build.0 = Debug|Any CPU
		{ED3925A5-17BF-4289-B5E5-21D9D82EED76}.Release|Any CPU.ActiveCfg = Release|Any CPU
		{ED3925A5-17BF-4289-B5E5-21D9D82EED76}.Release|Any CPU.Build.0 = Release|Any CPU
		{ED3925A5-17BF-4289-B5E5-21D9D82EED76}.Release|x64.ActiveCfg = Release|Any CPU
		{ED3925A5-17BF-4289-B5E5-21D9D82EED76}.Release|x64.Build.0 = Release|Any CPU
		{ED3925A5-17BF-4289-B5E5-21D9D82EED76}.Release|x86.ActiveCfg = Release|Any CPU
		{ED3925A5-17BF-4289-B5E5-21D9D82EED76}.Release|x86.Build.0 = Release|Any CPU
		{18FD9F9E-67F2-4F9C-AEF7-579A357EC701}.Debug|Any CPU.ActiveCfg = Debug|Any CPU
		{18FD9F9E-67F2-4F9C-AEF7-579A357EC701}.Debug|Any CPU.Build.0 = Debug|Any CPU
		{18FD9F9E-67F2-4F9C-AEF7-579A357EC701}.Debug|x64.ActiveCfg = Debug|Any CPU
		{18FD9F9E-67F2-4F9C-AEF7-579A357EC701}.Debug|x64.Build.0 = Debug|Any CPU
		{18FD9F9E-67F2-4F9C-AEF7-579A357EC701}.Debug|x86.ActiveCfg = Debug|Any CPU
		{18FD9F9E-67F2-4F9C-AEF7-579A357EC701}.Debug|x86.Build.0 = Debug|Any CPU
		{18FD9F9E-67F2-4F9C-AEF7-579A357EC701}.Release|Any CPU.ActiveCfg = Release|Any CPU
		{18FD9F9E-67F2-4F9C-AEF7-579A357EC701}.Release|Any CPU.Build.0 = Release|Any CPU
		{18FD9F9E-67F2-4F9C-AEF7-579A357EC701}.Release|x64.ActiveCfg = Release|Any CPU
		{18FD9F9E-67F2-4F9C-AEF7-579A357EC701}.Release|x64.Build.0 = Release|Any CPU
		{18FD9F9E-67F2-4F9C-AEF7-579A357EC701}.Release|x86.ActiveCfg = Release|Any CPU
		{18FD9F9E-67F2-4F9C-AEF7-579A357EC701}.Release|x86.Build.0 = Release|Any CPU
		{EEAF8AEA-27AE-464A-9EAB-EE373FEF3EE2}.Debug|Any CPU.ActiveCfg = Debug|Any CPU
		{EEAF8AEA-27AE-464A-9EAB-EE373FEF3EE2}.Debug|Any CPU.Build.0 = Debug|Any CPU
		{EEAF8AEA-27AE-464A-9EAB-EE373FEF3EE2}.Debug|x64.ActiveCfg = Debug|Any CPU
		{EEAF8AEA-27AE-464A-9EAB-EE373FEF3EE2}.Debug|x64.Build.0 = Debug|Any CPU
		{EEAF8AEA-27AE-464A-9EAB-EE373FEF3EE2}.Debug|x86.ActiveCfg = Debug|Any CPU
		{EEAF8AEA-27AE-464A-9EAB-EE373FEF3EE2}.Debug|x86.Build.0 = Debug|Any CPU
		{EEAF8AEA-27AE-464A-9EAB-EE373FEF3EE2}.Release|Any CPU.ActiveCfg = Release|Any CPU
		{EEAF8AEA-27AE-464A-9EAB-EE373FEF3EE2}.Release|Any CPU.Build.0 = Release|Any CPU
		{EEAF8AEA-27AE-464A-9EAB-EE373FEF3EE2}.Release|x64.ActiveCfg = Release|Any CPU
		{EEAF8AEA-27AE-464A-9EAB-EE373FEF3EE2}.Release|x64.Build.0 = Release|Any CPU
		{EEAF8AEA-27AE-464A-9EAB-EE373FEF3EE2}.Release|x86.ActiveCfg = Release|Any CPU
		{EEAF8AEA-27AE-464A-9EAB-EE373FEF3EE2}.Release|x86.Build.0 = Release|Any CPU
		{BD4E0EB2-99DB-41CB-A46B-DC573A7573CA}.Debug|Any CPU.ActiveCfg = Debug|Any CPU
		{BD4E0EB2-99DB-41CB-A46B-DC573A7573CA}.Debug|Any CPU.Build.0 = Debug|Any CPU
		{BD4E0EB2-99DB-41CB-A46B-DC573A7573CA}.Debug|x64.ActiveCfg = Debug|Any CPU
		{BD4E0EB2-99DB-41CB-A46B-DC573A7573CA}.Debug|x64.Build.0 = Debug|Any CPU
		{BD4E0EB2-99DB-41CB-A46B-DC573A7573CA}.Debug|x86.ActiveCfg = Debug|Any CPU
		{BD4E0EB2-99DB-41CB-A46B-DC573A7573CA}.Debug|x86.Build.0 = Debug|Any CPU
		{BD4E0EB2-99DB-41CB-A46B-DC573A7573CA}.Release|Any CPU.ActiveCfg = Release|Any CPU
		{BD4E0EB2-99DB-41CB-A46B-DC573A7573CA}.Release|Any CPU.Build.0 = Release|Any CPU
		{BD4E0EB2-99DB-41CB-A46B-DC573A7573CA}.Release|x64.ActiveCfg = Release|Any CPU
		{BD4E0EB2-99DB-41CB-A46B-DC573A7573CA}.Release|x64.Build.0 = Release|Any CPU
		{BD4E0EB2-99DB-41CB-A46B-DC573A7573CA}.Release|x86.ActiveCfg = Release|Any CPU
		{BD4E0EB2-99DB-41CB-A46B-DC573A7573CA}.Release|x86.Build.0 = Release|Any CPU
		{79D7CD31-DB69-4BB6-876D-F7D060EBDE8F}.Debug|Any CPU.ActiveCfg = Debug|Any CPU
		{79D7CD31-DB69-4BB6-876D-F7D060EBDE8F}.Debug|Any CPU.Build.0 = Debug|Any CPU
		{79D7CD31-DB69-4BB6-876D-F7D060EBDE8F}.Debug|x64.ActiveCfg = Debug|Any CPU
		{79D7CD31-DB69-4BB6-876D-F7D060EBDE8F}.Debug|x64.Build.0 = Debug|Any CPU
		{79D7CD31-DB69-4BB6-876D-F7D060EBDE8F}.Debug|x86.ActiveCfg = Debug|Any CPU
		{79D7CD31-DB69-4BB6-876D-F7D060EBDE8F}.Debug|x86.Build.0 = Debug|Any CPU
		{79D7CD31-DB69-4BB6-876D-F7D060EBDE8F}.Release|Any CPU.ActiveCfg = Release|Any CPU
		{79D7CD31-DB69-4BB6-876D-F7D060EBDE8F}.Release|Any CPU.Build.0 = Release|Any CPU
		{79D7CD31-DB69-4BB6-876D-F7D060EBDE8F}.Release|x64.ActiveCfg = Release|Any CPU
		{79D7CD31-DB69-4BB6-876D-F7D060EBDE8F}.Release|x64.Build.0 = Release|Any CPU
		{79D7CD31-DB69-4BB6-876D-F7D060EBDE8F}.Release|x86.ActiveCfg = Release|Any CPU
		{79D7CD31-DB69-4BB6-876D-F7D060EBDE8F}.Release|x86.Build.0 = Release|Any CPU
		{13BAD2C4-243F-4136-8FB3-47EC15D5CB7D}.Debug|Any CPU.ActiveCfg = Debug|Any CPU
		{13BAD2C4-243F-4136-8FB3-47EC15D5CB7D}.Debug|Any CPU.Build.0 = Debug|Any CPU
		{13BAD2C4-243F-4136-8FB3-47EC15D5CB7D}.Debug|x64.ActiveCfg = Debug|Any CPU
		{13BAD2C4-243F-4136-8FB3-47EC15D5CB7D}.Debug|x64.Build.0 = Debug|Any CPU
		{13BAD2C4-243F-4136-8FB3-47EC15D5CB7D}.Debug|x86.ActiveCfg = Debug|Any CPU
		{13BAD2C4-243F-4136-8FB3-47EC15D5CB7D}.Debug|x86.Build.0 = Debug|Any CPU
		{13BAD2C4-243F-4136-8FB3-47EC15D5CB7D}.Release|Any CPU.ActiveCfg = Release|Any CPU
		{13BAD2C4-243F-4136-8FB3-47EC15D5CB7D}.Release|Any CPU.Build.0 = Release|Any CPU
		{13BAD2C4-243F-4136-8FB3-47EC15D5CB7D}.Release|x64.ActiveCfg = Release|Any CPU
		{13BAD2C4-243F-4136-8FB3-47EC15D5CB7D}.Release|x64.Build.0 = Release|Any CPU
		{13BAD2C4-243F-4136-8FB3-47EC15D5CB7D}.Release|x86.ActiveCfg = Release|Any CPU
		{13BAD2C4-243F-4136-8FB3-47EC15D5CB7D}.Release|x86.Build.0 = Release|Any CPU
		{31511958-6BC1-4284-A1D3-559736FDC268}.Debug|Any CPU.ActiveCfg = Debug|Any CPU
		{31511958-6BC1-4284-A1D3-559736FDC268}.Debug|Any CPU.Build.0 = Debug|Any CPU
		{31511958-6BC1-4284-A1D3-559736FDC268}.Debug|x64.ActiveCfg = Debug|Any CPU
		{31511958-6BC1-4284-A1D3-559736FDC268}.Debug|x64.Build.0 = Debug|Any CPU
		{31511958-6BC1-4284-A1D3-559736FDC268}.Debug|x86.ActiveCfg = Debug|Any CPU
		{31511958-6BC1-4284-A1D3-559736FDC268}.Debug|x86.Build.0 = Debug|Any CPU
		{31511958-6BC1-4284-A1D3-559736FDC268}.Release|Any CPU.ActiveCfg = Release|Any CPU
		{31511958-6BC1-4284-A1D3-559736FDC268}.Release|Any CPU.Build.0 = Release|Any CPU
		{31511958-6BC1-4284-A1D3-559736FDC268}.Release|x64.ActiveCfg = Release|Any CPU
		{31511958-6BC1-4284-A1D3-559736FDC268}.Release|x64.Build.0 = Release|Any CPU
		{31511958-6BC1-4284-A1D3-559736FDC268}.Release|x86.ActiveCfg = Release|Any CPU
		{31511958-6BC1-4284-A1D3-559736FDC268}.Release|x86.Build.0 = Release|Any CPU
	EndGlobalSection
	GlobalSection(SolutionProperties) = preSolution
		HideSolutionNode = FALSE
	EndGlobalSection
	GlobalSection(NestedProjects) = preSolution
		{EEAF8AEA-27AE-464A-9EAB-EE373FEF3EE2} = {246DBA78-87B8-4982-912F-4BBFFF005AD6}
		{BD4E0EB2-99DB-41CB-A46B-DC573A7573CA} = {246DBA78-87B8-4982-912F-4BBFFF005AD6}
		{79D7CD31-DB69-4BB6-876D-F7D060EBDE8F} = {246DBA78-87B8-4982-912F-4BBFFF005AD6}
		{13BAD2C4-243F-4136-8FB3-47EC15D5CB7D} = {246DBA78-87B8-4982-912F-4BBFFF005AD6}
		{31511958-6BC1-4284-A1D3-559736FDC268} = {246DBA78-87B8-4982-912F-4BBFFF005AD6}
	EndGlobalSection
	GlobalSection(ExtensibilityGlobals) = postSolution
		SolutionGuid = {57F963D5-962F-4205-B49E-B4CCE3888D73}
	EndGlobalSection
EndGlobal
