
Microsoft Visual Studio Solution File, Format Version 12.00
# Visual Studio Version 16
VisualStudioVersion = 16.0.29905.134
MinimumVisualStudioVersion = 10.0.40219.1
Project("{2150E333-8FDC-42A3-9474-1A3956D46DE8}") = "Solution Items", "Solution Items", "{EACADB54-1A72-4CEE-AF3A-5AEDC3CB553A}"
	ProjectSection(SolutionItems) = preProject
		..\appveyor.yml = ..\appveyor.yml
		..\README.md = ..\README.md
	EndProjectSection
EndProject
Project("{9A19103F-16F7-4668-BE54-9A1E7A4F7556}") = "NLog.Extensions.AzureEventHub", "NLog.Extensions.AzureEventHub\NLog.Extensions.AzureEventHub.csproj", "{CF5E1262-D006-4C3A-9A62-98C31A3AD5F0}"
EndProject
Project("{2150E333-8FDC-42A3-9474-1A3956D46DE8}") = "Test", "Test", "{246DBA78-87B8-4982-912F-4BBFFF005AD6}"
EndProject
Project("{9A19103F-16F7-4668-BE54-9A1E7A4F7556}") = "NLog.Extensions.AzureEventHub.Tests", "..\test\NLog.Extensions.AzureEventHub.Tests\NLog.Extensions.AzureEventHub.Tests.csproj", "{EEAF8AEA-27AE-464A-9EAB-EE373FEF3EE2}"
EndProject
Project("{FAE04EC0-301F-11D3-BF4B-00C04F79EFBC}") = "NLog.Extensions.AzureStorage.IntegrationTest", "..\test\NLog.Extensions.AzureStorage.IntegrationTest\NLog.Extensions.AzureStorage.IntegrationTest.csproj", "{BD4E0EB2-99DB-41CB-A46B-DC573A7573CA}"
EndProject
Project("{9A19103F-16F7-4668-BE54-9A1E7A4F7556}") = "NLog.Extensions.AzureBlobStorage", "NLog.Extensions.AzureBlobStorage\NLog.Extensions.AzureBlobStorage.csproj", "{21B2270D-1F45-4BE0-8CCE-DEC8FF293704}"
EndProject
Project("{9A19103F-16F7-4668-BE54-9A1E7A4F7556}") = "NLog.Extensions.AzureQueueStorage", "NLog.Extensions.AzureQueueStorage\NLog.Extensions.AzureQueueStorage.csproj", "{3E2EF52D-C7A3-48D4-9AB0-8D3E9EFD3518}"
EndProject
Project("{9A19103F-16F7-4668-BE54-9A1E7A4F7556}") = "NLog.Extensions.AzureBlobStorage.Tests", "..\test\NLog.Extensions.AzureBlobStorage.Tests\NLog.Extensions.AzureBlobStorage.Tests.csproj", "{18DBD852-28D9-43C8-9A1A-F13C13B5CA13}"
EndProject
Project("{9A19103F-16F7-4668-BE54-9A1E7A4F7556}") = "NLog.Extensions.AzureQueueStorage.Tests", "..\test\NLog.Extensions.AzureQueueStorage.Tests\NLog.Extensions.AzureQueueStorage.Tests.csproj", "{A56BD3E3-C388-41B9-A021-8B67C43CF225}"
EndProject
Project("{9A19103F-16F7-4668-BE54-9A1E7A4F7556}") = "NLog.Extensions.AzureCosmosTable", "NLog.Extensions.AzureCosmosTable\NLog.Extensions.AzureCosmosTable.csproj", "{89ADD958-81C2-4042-81BA-88E613F7B550}"
EndProject
Project("{9A19103F-16F7-4668-BE54-9A1E7A4F7556}") = "NLog.Extensions.AzureCosmosTable.Tests", "..\test\NLog.Extensions.AzureCosmosTable.Tests\NLog.Extensions.AzureCosmosTable.Tests.csproj", "{09A625B1-C5E3-411D-98D3-30D3EE23F6F1}"
EndProject
Project("{9A19103F-16F7-4668-BE54-9A1E7A4F7556}") = "NLog.Extensions.AzureAccessToken", "NLog.Extensions.AzureAccessToken\NLog.Extensions.AzureAccessToken.csproj", "{507FCA08-9341-4764-9D3C-FA4F70C21D2C}"
EndProject
Project("{FAE04EC0-301F-11D3-BF4B-00C04F79EFBC}") = "NLog.Extensions.AzureAccessToken.Tests", "..\test\NLog.Extensions.AzureAccessToken.Tests\NLog.Extensions.AzureAccessToken.Tests.csproj", "{8609512C-29FD-4984-A318-BFA5A681F0A1}"
EndProject
Global
	GlobalSection(SolutionConfigurationPlatforms) = preSolution
		Debug|Any CPU = Debug|Any CPU
		Debug|x64 = Debug|x64
		Debug|x86 = Debug|x86
		Release|Any CPU = Release|Any CPU
		Release|x64 = Release|x64
		Release|x86 = Release|x86
	EndGlobalSection
	GlobalSection(ProjectConfigurationPlatforms) = postSolution
		{CF5E1262-D006-4C3A-9A62-98C31A3AD5F0}.Debug|Any CPU.ActiveCfg = Debug|Any CPU
		{CF5E1262-D006-4C3A-9A62-98C31A3AD5F0}.Debug|Any CPU.Build.0 = Debug|Any CPU
		{CF5E1262-D006-4C3A-9A62-98C31A3AD5F0}.Debug|x64.ActiveCfg = Debug|Any CPU
		{CF5E1262-D006-4C3A-9A62-98C31A3AD5F0}.Debug|x64.Build.0 = Debug|Any CPU
		{CF5E1262-D006-4C3A-9A62-98C31A3AD5F0}.Debug|x86.ActiveCfg = Debug|Any CPU
		{CF5E1262-D006-4C3A-9A62-98C31A3AD5F0}.Debug|x86.Build.0 = Debug|Any CPU
		{CF5E1262-D006-4C3A-9A62-98C31A3AD5F0}.Release|Any CPU.ActiveCfg = Release|Any CPU
		{CF5E1262-D006-4C3A-9A62-98C31A3AD5F0}.Release|Any CPU.Build.0 = Release|Any CPU
		{CF5E1262-D006-4C3A-9A62-98C31A3AD5F0}.Release|x64.ActiveCfg = Release|Any CPU
		{CF5E1262-D006-4C3A-9A62-98C31A3AD5F0}.Release|x64.Build.0 = Release|Any CPU
		{CF5E1262-D006-4C3A-9A62-98C31A3AD5F0}.Release|x86.ActiveCfg = Release|Any CPU
		{CF5E1262-D006-4C3A-9A62-98C31A3AD5F0}.Release|x86.Build.0 = Release|Any CPU
		{EEAF8AEA-27AE-464A-9EAB-EE373FEF3EE2}.Debug|Any CPU.ActiveCfg = Debug|Any CPU
		{EEAF8AEA-27AE-464A-9EAB-EE373FEF3EE2}.Debug|Any CPU.Build.0 = Debug|Any CPU
		{EEAF8AEA-27AE-464A-9EAB-EE373FEF3EE2}.Debug|x64.ActiveCfg = Debug|Any CPU
		{EEAF8AEA-27AE-464A-9EAB-EE373FEF3EE2}.Debug|x64.Build.0 = Debug|Any CPU
		{EEAF8AEA-27AE-464A-9EAB-EE373FEF3EE2}.Debug|x86.ActiveCfg = Debug|Any CPU
		{EEAF8AEA-27AE-464A-9EAB-EE373FEF3EE2}.Debug|x86.Build.0 = Debug|Any CPU
		{EEAF8AEA-27AE-464A-9EAB-EE373FEF3EE2}.Release|Any CPU.ActiveCfg = Release|Any CPU
		{EEAF8AEA-27AE-464A-9EAB-EE373FEF3EE2}.Release|Any CPU.Build.0 = Release|Any CPU
		{EEAF8AEA-27AE-464A-9EAB-EE373FEF3EE2}.Release|x64.ActiveCfg = Release|Any CPU
		{EEAF8AEA-27AE-464A-9EAB-EE373FEF3EE2}.Release|x64.Build.0 = Release|Any CPU
		{EEAF8AEA-27AE-464A-9EAB-EE373FEF3EE2}.Release|x86.ActiveCfg = Release|Any CPU
		{EEAF8AEA-27AE-464A-9EAB-EE373FEF3EE2}.Release|x86.Build.0 = Release|Any CPU
		{BD4E0EB2-99DB-41CB-A46B-DC573A7573CA}.Debug|Any CPU.ActiveCfg = Debug|Any CPU
		{BD4E0EB2-99DB-41CB-A46B-DC573A7573CA}.Debug|Any CPU.Build.0 = Debug|Any CPU
		{BD4E0EB2-99DB-41CB-A46B-DC573A7573CA}.Debug|x64.ActiveCfg = Debug|Any CPU
		{BD4E0EB2-99DB-41CB-A46B-DC573A7573CA}.Debug|x64.Build.0 = Debug|Any CPU
		{BD4E0EB2-99DB-41CB-A46B-DC573A7573CA}.Debug|x86.ActiveCfg = Debug|Any CPU
		{BD4E0EB2-99DB-41CB-A46B-DC573A7573CA}.Debug|x86.Build.0 = Debug|Any CPU
		{BD4E0EB2-99DB-41CB-A46B-DC573A7573CA}.Release|Any CPU.ActiveCfg = Release|Any CPU
		{BD4E0EB2-99DB-41CB-A46B-DC573A7573CA}.Release|Any CPU.Build.0 = Release|Any CPU
		{BD4E0EB2-99DB-41CB-A46B-DC573A7573CA}.Release|x64.ActiveCfg = Release|Any CPU
		{BD4E0EB2-99DB-41CB-A46B-DC573A7573CA}.Release|x64.Build.0 = Release|Any CPU
		{BD4E0EB2-99DB-41CB-A46B-DC573A7573CA}.Release|x86.ActiveCfg = Release|Any CPU
		{BD4E0EB2-99DB-41CB-A46B-DC573A7573CA}.Release|x86.Build.0 = Release|Any CPU
		{21B2270D-1F45-4BE0-8CCE-DEC8FF293704}.Debug|Any CPU.ActiveCfg = Debug|Any CPU
		{21B2270D-1F45-4BE0-8CCE-DEC8FF293704}.Debug|Any CPU.Build.0 = Debug|Any CPU
		{21B2270D-1F45-4BE0-8CCE-DEC8FF293704}.Debug|x64.ActiveCfg = Debug|Any CPU
		{21B2270D-1F45-4BE0-8CCE-DEC8FF293704}.Debug|x64.Build.0 = Debug|Any CPU
		{21B2270D-1F45-4BE0-8CCE-DEC8FF293704}.Debug|x86.ActiveCfg = Debug|Any CPU
		{21B2270D-1F45-4BE0-8CCE-DEC8FF293704}.Debug|x86.Build.0 = Debug|Any CPU
		{21B2270D-1F45-4BE0-8CCE-DEC8FF293704}.Release|Any CPU.ActiveCfg = Release|Any CPU
		{21B2270D-1F45-4BE0-8CCE-DEC8FF293704}.Release|Any CPU.Build.0 = Release|Any CPU
		{21B2270D-1F45-4BE0-8CCE-DEC8FF293704}.Release|x64.ActiveCfg = Release|Any CPU
		{21B2270D-1F45-4BE0-8CCE-DEC8FF293704}.Release|x64.Build.0 = Release|Any CPU
		{21B2270D-1F45-4BE0-8CCE-DEC8FF293704}.Release|x86.ActiveCfg = Release|Any CPU
		{21B2270D-1F45-4BE0-8CCE-DEC8FF293704}.Release|x86.Build.0 = Release|Any CPU
		{3E2EF52D-C7A3-48D4-9AB0-8D3E9EFD3518}.Debug|Any CPU.ActiveCfg = Debug|Any CPU
		{3E2EF52D-C7A3-48D4-9AB0-8D3E9EFD3518}.Debug|Any CPU.Build.0 = Debug|Any CPU
		{3E2EF52D-C7A3-48D4-9AB0-8D3E9EFD3518}.Debug|x64.ActiveCfg = Debug|Any CPU
		{3E2EF52D-C7A3-48D4-9AB0-8D3E9EFD3518}.Debug|x64.Build.0 = Debug|Any CPU
		{3E2EF52D-C7A3-48D4-9AB0-8D3E9EFD3518}.Debug|x86.ActiveCfg = Debug|Any CPU
		{3E2EF52D-C7A3-48D4-9AB0-8D3E9EFD3518}.Debug|x86.Build.0 = Debug|Any CPU
		{3E2EF52D-C7A3-48D4-9AB0-8D3E9EFD3518}.Release|Any CPU.ActiveCfg = Release|Any CPU
		{3E2EF52D-C7A3-48D4-9AB0-8D3E9EFD3518}.Release|Any CPU.Build.0 = Release|Any CPU
		{3E2EF52D-C7A3-48D4-9AB0-8D3E9EFD3518}.Release|x64.ActiveCfg = Release|Any CPU
		{3E2EF52D-C7A3-48D4-9AB0-8D3E9EFD3518}.Release|x64.Build.0 = Release|Any CPU
		{3E2EF52D-C7A3-48D4-9AB0-8D3E9EFD3518}.Release|x86.ActiveCfg = Release|Any CPU
		{3E2EF52D-C7A3-48D4-9AB0-8D3E9EFD3518}.Release|x86.Build.0 = Release|Any CPU
		{18DBD852-28D9-43C8-9A1A-F13C13B5CA13}.Debug|Any CPU.ActiveCfg = Debug|Any CPU
		{18DBD852-28D9-43C8-9A1A-F13C13B5CA13}.Debug|Any CPU.Build.0 = Debug|Any CPU
		{18DBD852-28D9-43C8-9A1A-F13C13B5CA13}.Debug|x64.ActiveCfg = Debug|Any CPU
		{18DBD852-28D9-43C8-9A1A-F13C13B5CA13}.Debug|x64.Build.0 = Debug|Any CPU
		{18DBD852-28D9-43C8-9A1A-F13C13B5CA13}.Debug|x86.ActiveCfg = Debug|Any CPU
		{18DBD852-28D9-43C8-9A1A-F13C13B5CA13}.Debug|x86.Build.0 = Debug|Any CPU
		{18DBD852-28D9-43C8-9A1A-F13C13B5CA13}.Release|Any CPU.ActiveCfg = Release|Any CPU
		{18DBD852-28D9-43C8-9A1A-F13C13B5CA13}.Release|Any CPU.Build.0 = Release|Any CPU
		{18DBD852-28D9-43C8-9A1A-F13C13B5CA13}.Release|x64.ActiveCfg = Release|Any CPU
		{18DBD852-28D9-43C8-9A1A-F13C13B5CA13}.Release|x64.Build.0 = Release|Any CPU
		{18DBD852-28D9-43C8-9A1A-F13C13B5CA13}.Release|x86.ActiveCfg = Release|Any CPU
		{18DBD852-28D9-43C8-9A1A-F13C13B5CA13}.Release|x86.Build.0 = Release|Any CPU
		{A56BD3E3-C388-41B9-A021-8B67C43CF225}.Debug|Any CPU.ActiveCfg = Debug|Any CPU
		{A56BD3E3-C388-41B9-A021-8B67C43CF225}.Debug|Any CPU.Build.0 = Debug|Any CPU
		{A56BD3E3-C388-41B9-A021-8B67C43CF225}.Debug|x64.ActiveCfg = Debug|Any CPU
		{A56BD3E3-C388-41B9-A021-8B67C43CF225}.Debug|x64.Build.0 = Debug|Any CPU
		{A56BD3E3-C388-41B9-A021-8B67C43CF225}.Debug|x86.ActiveCfg = Debug|Any CPU
		{A56BD3E3-C388-41B9-A021-8B67C43CF225}.Debug|x86.Build.0 = Debug|Any CPU
		{A56BD3E3-C388-41B9-A021-8B67C43CF225}.Release|Any CPU.ActiveCfg = Release|Any CPU
		{A56BD3E3-C388-41B9-A021-8B67C43CF225}.Release|Any CPU.Build.0 = Release|Any CPU
		{A56BD3E3-C388-41B9-A021-8B67C43CF225}.Release|x64.ActiveCfg = Release|Any CPU
		{A56BD3E3-C388-41B9-A021-8B67C43CF225}.Release|x64.Build.0 = Release|Any CPU
		{A56BD3E3-C388-41B9-A021-8B67C43CF225}.Release|x86.ActiveCfg = Release|Any CPU
		{A56BD3E3-C388-41B9-A021-8B67C43CF225}.Release|x86.Build.0 = Release|Any CPU
		{89ADD958-81C2-4042-81BA-88E613F7B550}.Debug|Any CPU.ActiveCfg = Debug|Any CPU
		{89ADD958-81C2-4042-81BA-88E613F7B550}.Debug|Any CPU.Build.0 = Debug|Any CPU
		{89ADD958-81C2-4042-81BA-88E613F7B550}.Debug|x64.ActiveCfg = Debug|Any CPU
		{89ADD958-81C2-4042-81BA-88E613F7B550}.Debug|x64.Build.0 = Debug|Any CPU
		{89ADD958-81C2-4042-81BA-88E613F7B550}.Debug|x86.ActiveCfg = Debug|Any CPU
		{89ADD958-81C2-4042-81BA-88E613F7B550}.Debug|x86.Build.0 = Debug|Any CPU
		{89ADD958-81C2-4042-81BA-88E613F7B550}.Release|Any CPU.ActiveCfg = Release|Any CPU
		{89ADD958-81C2-4042-81BA-88E613F7B550}.Release|Any CPU.Build.0 = Release|Any CPU
		{89ADD958-81C2-4042-81BA-88E613F7B550}.Release|x64.ActiveCfg = Release|Any CPU
		{89ADD958-81C2-4042-81BA-88E613F7B550}.Release|x64.Build.0 = Release|Any CPU
		{89ADD958-81C2-4042-81BA-88E613F7B550}.Release|x86.ActiveCfg = Release|Any CPU
		{89ADD958-81C2-4042-81BA-88E613F7B550}.Release|x86.Build.0 = Release|Any CPU
		{09A625B1-C5E3-411D-98D3-30D3EE23F6F1}.Debug|Any CPU.ActiveCfg = Debug|Any CPU
		{09A625B1-C5E3-411D-98D3-30D3EE23F6F1}.Debug|Any CPU.Build.0 = Debug|Any CPU
		{09A625B1-C5E3-411D-98D3-30D3EE23F6F1}.Debug|x64.ActiveCfg = Debug|Any CPU
		{09A625B1-C5E3-411D-98D3-30D3EE23F6F1}.Debug|x64.Build.0 = Debug|Any CPU
		{09A625B1-C5E3-411D-98D3-30D3EE23F6F1}.Debug|x86.ActiveCfg = Debug|Any CPU
		{09A625B1-C5E3-411D-98D3-30D3EE23F6F1}.Debug|x86.Build.0 = Debug|Any CPU
		{09A625B1-C5E3-411D-98D3-30D3EE23F6F1}.Release|Any CPU.ActiveCfg = Release|Any CPU
		{09A625B1-C5E3-411D-98D3-30D3EE23F6F1}.Release|Any CPU.Build.0 = Release|Any CPU
		{09A625B1-C5E3-411D-98D3-30D3EE23F6F1}.Release|x64.ActiveCfg = Release|Any CPU
		{09A625B1-C5E3-411D-98D3-30D3EE23F6F1}.Release|x64.Build.0 = Release|Any CPU
		{09A625B1-C5E3-411D-98D3-30D3EE23F6F1}.Release|x86.ActiveCfg = Release|Any CPU
		{09A625B1-C5E3-411D-98D3-30D3EE23F6F1}.Release|x86.Build.0 = Release|Any CPU
		{507FCA08-9341-4764-9D3C-FA4F70C21D2C}.Debug|Any CPU.ActiveCfg = Debug|Any CPU
		{507FCA08-9341-4764-9D3C-FA4F70C21D2C}.Debug|Any CPU.Build.0 = Debug|Any CPU
		{507FCA08-9341-4764-9D3C-FA4F70C21D2C}.Debug|x64.ActiveCfg = Debug|Any CPU
		{507FCA08-9341-4764-9D3C-FA4F70C21D2C}.Debug|x64.Build.0 = Debug|Any CPU
		{507FCA08-9341-4764-9D3C-FA4F70C21D2C}.Debug|x86.ActiveCfg = Debug|Any CPU
		{507FCA08-9341-4764-9D3C-FA4F70C21D2C}.Debug|x86.Build.0 = Debug|Any CPU
		{507FCA08-9341-4764-9D3C-FA4F70C21D2C}.Release|Any CPU.ActiveCfg = Release|Any CPU
		{507FCA08-9341-4764-9D3C-FA4F70C21D2C}.Release|Any CPU.Build.0 = Release|Any CPU
		{507FCA08-9341-4764-9D3C-FA4F70C21D2C}.Release|x64.ActiveCfg = Release|Any CPU
		{507FCA08-9341-4764-9D3C-FA4F70C21D2C}.Release|x64.Build.0 = Release|Any CPU
		{507FCA08-9341-4764-9D3C-FA4F70C21D2C}.Release|x86.ActiveCfg = Release|Any CPU
		{507FCA08-9341-4764-9D3C-FA4F70C21D2C}.Release|x86.Build.0 = Release|Any CPU
		{8609512C-29FD-4984-A318-BFA5A681F0A1}.Debug|Any CPU.ActiveCfg = Debug|Any CPU
		{8609512C-29FD-4984-A318-BFA5A681F0A1}.Debug|Any CPU.Build.0 = Debug|Any CPU
		{8609512C-29FD-4984-A318-BFA5A681F0A1}.Debug|x64.ActiveCfg = Debug|Any CPU
		{8609512C-29FD-4984-A318-BFA5A681F0A1}.Debug|x64.Build.0 = Debug|Any CPU
		{8609512C-29FD-4984-A318-BFA5A681F0A1}.Debug|x86.ActiveCfg = Debug|Any CPU
		{8609512C-29FD-4984-A318-BFA5A681F0A1}.Debug|x86.Build.0 = Debug|Any CPU
		{8609512C-29FD-4984-A318-BFA5A681F0A1}.Release|Any CPU.ActiveCfg = Release|Any CPU
		{8609512C-29FD-4984-A318-BFA5A681F0A1}.Release|Any CPU.Build.0 = Release|Any CPU
		{8609512C-29FD-4984-A318-BFA5A681F0A1}.Release|x64.ActiveCfg = Release|Any CPU
		{8609512C-29FD-4984-A318-BFA5A681F0A1}.Release|x64.Build.0 = Release|Any CPU
		{8609512C-29FD-4984-A318-BFA5A681F0A1}.Release|x86.ActiveCfg = Release|Any CPU
		{8609512C-29FD-4984-A318-BFA5A681F0A1}.Release|x86.Build.0 = Release|Any CPU
	EndGlobalSection
	GlobalSection(SolutionProperties) = preSolution
		HideSolutionNode = FALSE
	EndGlobalSection
	GlobalSection(NestedProjects) = preSolution
		{EEAF8AEA-27AE-464A-9EAB-EE373FEF3EE2} = {246DBA78-87B8-4982-912F-4BBFFF005AD6}
		{BD4E0EB2-99DB-41CB-A46B-DC573A7573CA} = {246DBA78-87B8-4982-912F-4BBFFF005AD6}
		{18DBD852-28D9-43C8-9A1A-F13C13B5CA13} = {246DBA78-87B8-4982-912F-4BBFFF005AD6}
		{A56BD3E3-C388-41B9-A021-8B67C43CF225} = {246DBA78-87B8-4982-912F-4BBFFF005AD6}
		{09A625B1-C5E3-411D-98D3-30D3EE23F6F1} = {246DBA78-87B8-4982-912F-4BBFFF005AD6}
		{8609512C-29FD-4984-A318-BFA5A681F0A1} = {246DBA78-87B8-4982-912F-4BBFFF005AD6}
	EndGlobalSection
	GlobalSection(ExtensibilityGlobals) = postSolution
		SolutionGuid = {57F963D5-962F-4205-B49E-B4CCE3888D73}
	EndGlobalSection
EndGlobal
